
Microsoft Visual Studio Solution File, Format Version 12.00
# Visual Studio 15
VisualStudioVersion = 15.0.28010.2016
MinimumVisualStudioVersion = 10.0.40219.1
Project("{FAE04EC0-301F-11D3-BF4B-00C04F79EFBC}") = "MarsRover", "MarsRover\MarsRover.csproj", "{3996A772-F288-4FB8-8BAF-E9EC7FEDFD19}"
EndProject
Project("{FAE04EC0-301F-11D3-BF4B-00C04F79EFBC}") = "MarsRover.Test", "MarsRover.Test\MarsRover.Test.csproj", "{5AB85D9B-1172-4783-B8C2-F9A368A022FC}"
EndProject
Project("{FAE04EC0-301F-11D3-BF4B-00C04F79EFBC}") = "MarsRover.Common", "MarsRover.Common\MarsRover.Common.csproj", "{E5994BB2-811C-427C-92F9-2B9BC88AFF7C}"
EndProject
Global
	GlobalSection(SolutionConfigurationPlatforms) = preSolution
		Debug|Any CPU = Debug|Any CPU
		Release|Any CPU = Release|Any CPU
	EndGlobalSection
	GlobalSection(ProjectConfigurationPlatforms) = postSolution
		{3996A772-F288-4FB8-8BAF-E9EC7FEDFD19}.Debug|Any CPU.ActiveCfg = Debug|Any CPU
		{3996A772-F288-4FB8-8BAF-E9EC7FEDFD19}.Debug|Any CPU.Build.0 = Debug|Any CPU
		{3996A772-F288-4FB8-8BAF-E9EC7FEDFD19}.Release|Any CPU.ActiveCfg = Release|Any CPU
		{3996A772-F288-4FB8-8BAF-E9EC7FEDFD19}.Release|Any CPU.Build.0 = Release|Any CPU
		{5AB85D9B-1172-4783-B8C2-F9A368A022FC}.Debug|Any CPU.ActiveCfg = Debug|Any CPU
		{5AB85D9B-1172-4783-B8C2-F9A368A022FC}.Debug|Any CPU.Build.0 = Debug|Any CPU
		{5AB85D9B-1172-4783-B8C2-F9A368A022FC}.Release|Any CPU.ActiveCfg = Release|Any CPU
		{5AB85D9B-1172-4783-B8C2-F9A368A022FC}.Release|Any CPU.Build.0 = Release|Any CPU
		{E5994BB2-811C-427C-92F9-2B9BC88AFF7C}.Debug|Any CPU.ActiveCfg = Debug|Any CPU
		{E5994BB2-811C-427C-92F9-2B9BC88AFF7C}.Debug|Any CPU.Build.0 = Debug|Any CPU
		{E5994BB2-811C-427C-92F9-2B9BC88AFF7C}.Release|Any CPU.ActiveCfg = Release|Any CPU
		{E5994BB2-811C-427C-92F9-2B9BC88AFF7C}.Release|Any CPU.Build.0 = Release|Any CPU
	EndGlobalSection
	GlobalSection(SolutionProperties) = preSolution
		HideSolutionNode = FALSE
	EndGlobalSection
	GlobalSection(ExtensibilityGlobals) = postSolution
		SolutionGuid = {F74CAC85-444E-4B05-BA60-A943AC0EBC5D}
	EndGlobalSection
EndGlobal
